
Microsoft Visual Studio Solution File, Format Version 12.00
# Visual Studio 15
VisualStudioVersion = 15.0.28307.421
MinimumVisualStudioVersion = 10.0.40219.1
Project("{8BC9CEB8-8B4A-11D0-8D11-00A0C91BC942}") = "Ex01", "Ex01\Ex01.vcxproj", "{FCFC441A-337D-468A-91EC-A28EB1026F61}"
EndProject
Project("{8BC9CEB8-8B4A-11D0-8D11-00A0C91BC942}") = "Ex02", "Ex02\Ex02.vcxproj", "{BB11DE32-A392-4FD8-A624-E716E65F26D5}"
EndProject
Project("{8BC9CEB8-8B4A-11D0-8D11-00A0C91BC942}") = "Ex03", "Ex03\Ex03.vcxproj", "{11F829B6-16F2-4191-A5F8-C8BA31321287}"
EndProject
Project("{8BC9CEB8-8B4A-11D0-8D11-00A0C91BC942}") = "Ex04", "Ex04\Ex04.vcxproj", "{37AFC573-9B31-4F90-81C5-690C68C6368E}"
EndProject
Project("{8BC9CEB8-8B4A-11D0-8D11-00A0C91BC942}") = "Ex05", "Ex05\Ex05.vcxproj", "{B53DABCA-EF00-49ED-98C4-CB11D300142D}"
EndProject
Project("{8BC9CEB8-8B4A-11D0-8D11-00A0C91BC942}") = "Ex06", "Ex06\Ex06.vcxproj", "{44C7B051-AB2E-40D9-8DF5-08BD166CE545}"
EndProject
Project("{8BC9CEB8-8B4A-11D0-8D11-00A0C91BC942}") = "Ex07", "Ex07\Ex07.vcxproj", "{90C32374-37B9-417A-852F-463F76AB5C56}"
EndProject
Project("{8BC9CEB8-8B4A-11D0-8D11-00A0C91BC942}") = "Ex08", "Ex08\Ex08.vcxproj", "{2FF7DA4E-D88D-4ADB-A3AB-08FF617043BE}"
EndProject
Project("{8BC9CEB8-8B4A-11D0-8D11-00A0C91BC942}") = "Ex09", "Ex09\Ex09.vcxproj", "{5766ADBD-E804-42AA-8E00-448403B50587}"
EndProject
Project("{8BC9CEB8-8B4A-11D0-8D11-00A0C91BC942}") = "Ex10", "Ex10\Ex10.vcxproj", "{0807003A-CD12-4183-931E-95A38931C039}"
EndProject
Global
	GlobalSection(SolutionConfigurationPlatforms) = preSolution
		Debug|x64 = Debug|x64
		Debug|x86 = Debug|x86
		Release|x64 = Release|x64
		Release|x86 = Release|x86
	EndGlobalSection
	GlobalSection(ProjectConfigurationPlatforms) = postSolution
		{FCFC441A-337D-468A-91EC-A28EB1026F61}.Debug|x64.ActiveCfg = Debug|x64
		{FCFC441A-337D-468A-91EC-A28EB1026F61}.Debug|x64.Build.0 = Debug|x64
		{FCFC441A-337D-468A-91EC-A28EB1026F61}.Debug|x86.ActiveCfg = Debug|Win32
		{FCFC441A-337D-468A-91EC-A28EB1026F61}.Debug|x86.Build.0 = Debug|Win32
		{FCFC441A-337D-468A-91EC-A28EB1026F61}.Release|x64.ActiveCfg = Release|x64
		{FCFC441A-337D-468A-91EC-A28EB1026F61}.Release|x64.Build.0 = Release|x64
		{FCFC441A-337D-468A-91EC-A28EB1026F61}.Release|x86.ActiveCfg = Release|Win32
		{FCFC441A-337D-468A-91EC-A28EB1026F61}.Release|x86.Build.0 = Release|Win32
		{BB11DE32-A392-4FD8-A624-E716E65F26D5}.Debug|x64.ActiveCfg = Debug|x64
		{BB11DE32-A392-4FD8-A624-E716E65F26D5}.Debug|x64.Build.0 = Debug|x64
		{BB11DE32-A392-4FD8-A624-E716E65F26D5}.Debug|x86.ActiveCfg = Debug|Win32
		{BB11DE32-A392-4FD8-A624-E716E65F26D5}.Debug|x86.Build.0 = Debug|Win32
		{BB11DE32-A392-4FD8-A624-E716E65F26D5}.Release|x64.ActiveCfg = Release|x64
		{BB11DE32-A392-4FD8-A624-E716E65F26D5}.Release|x64.Build.0 = Release|x64
		{BB11DE32-A392-4FD8-A624-E716E65F26D5}.Release|x86.ActiveCfg = Release|Win32
		{BB11DE32-A392-4FD8-A624-E716E65F26D5}.Release|x86.Build.0 = Release|Win32
		{11F829B6-16F2-4191-A5F8-C8BA31321287}.Debug|x64.ActiveCfg = Debug|x64
		{11F829B6-16F2-4191-A5F8-C8BA31321287}.Debug|x64.Build.0 = Debug|x64
		{11F829B6-16F2-4191-A5F8-C8BA31321287}.Debug|x86.ActiveCfg = Debug|Win32
		{11F829B6-16F2-4191-A5F8-C8BA31321287}.Debug|x86.Build.0 = Debug|Win32
		{11F829B6-16F2-4191-A5F8-C8BA31321287}.Release|x64.ActiveCfg = Release|x64
		{11F829B6-16F2-4191-A5F8-C8BA31321287}.Release|x64.Build.0 = Release|x64
		{11F829B6-16F2-4191-A5F8-C8BA31321287}.Release|x86.ActiveCfg = Release|Win32
		{11F829B6-16F2-4191-A5F8-C8BA31321287}.Release|x86.Build.0 = Release|Win32
		{37AFC573-9B31-4F90-81C5-690C68C6368E}.Debug|x64.ActiveCfg = Debug|x64
		{37AFC573-9B31-4F90-81C5-690C68C6368E}.Debug|x64.Build.0 = Debug|x64
		{37AFC573-9B31-4F90-81C5-690C68C6368E}.Debug|x86.ActiveCfg = Debug|Win32
		{37AFC573-9B31-4F90-81C5-690C68C6368E}.Debug|x86.Build.0 = Debug|Win32
		{37AFC573-9B31-4F90-81C5-690C68C6368E}.Release|x64.ActiveCfg = Release|x64
		{37AFC573-9B31-4F90-81C5-690C68C6368E}.Release|x64.Build.0 = Release|x64
		{37AFC573-9B31-4F90-81C5-690C68C6368E}.Release|x86.ActiveCfg = Release|Win32
		{37AFC573-9B31-4F90-81C5-690C68C6368E}.Release|x86.Build.0 = Release|Win32
		{B53DABCA-EF00-49ED-98C4-CB11D300142D}.Debug|x64.ActiveCfg = Debug|x64
		{B53DABCA-EF00-49ED-98C4-CB11D300142D}.Debug|x64.Build.0 = Debug|x64
		{B53DABCA-EF00-49ED-98C4-CB11D300142D}.Debug|x86.ActiveCfg = Debug|Win32
		{B53DABCA-EF00-49ED-98C4-CB11D300142D}.Debug|x86.Build.0 = Debug|Win32
		{B53DABCA-EF00-49ED-98C4-CB11D300142D}.Release|x64.ActiveCfg = Release|x64
		{B53DABCA-EF00-49ED-98C4-CB11D300142D}.Release|x64.Build.0 = Release|x64
		{B53DABCA-EF00-49ED-98C4-CB11D300142D}.Release|x86.ActiveCfg = Release|Win32
		{B53DABCA-EF00-49ED-98C4-CB11D300142D}.Release|x86.Build.0 = Release|Win32
		{44C7B051-AB2E-40D9-8DF5-08BD166CE545}.Debug|x64.ActiveCfg = Debug|x64
		{44C7B051-AB2E-40D9-8DF5-08BD166CE545}.Debug|x64.Build.0 = Debug|x64
		{44C7B051-AB2E-40D9-8DF5-08BD166CE545}.Debug|x86.ActiveCfg = Debug|Win32
		{44C7B051-AB2E-40D9-8DF5-08BD166CE545}.Debug|x86.Build.0 = Debug|Win32
		{44C7B051-AB2E-40D9-8DF5-08BD166CE545}.Release|x64.ActiveCfg = Release|x64
		{44C7B051-AB2E-40D9-8DF5-08BD166CE545}.Release|x64.Build.0 = Release|x64
		{44C7B051-AB2E-40D9-8DF5-08BD166CE545}.Release|x86.ActiveCfg = Release|Win32
		{44C7B051-AB2E-40D9-8DF5-08BD166CE545}.Release|x86.Build.0 = Release|Win32
		{90C32374-37B9-417A-852F-463F76AB5C56}.Debug|x64.ActiveCfg = Debug|x64
		{90C32374-37B9-417A-852F-463F76AB5C56}.Debug|x64.Build.0 = Debug|x64
		{90C32374-37B9-417A-852F-463F76AB5C56}.Debug|x86.ActiveCfg = Debug|Win32
		{90C32374-37B9-417A-852F-463F76AB5C56}.Debug|x86.Build.0 = Debug|Win32
		{90C32374-37B9-417A-852F-463F76AB5C56}.Release|x64.ActiveCfg = Release|x64
		{90C32374-37B9-417A-852F-463F76AB5C56}.Release|x64.Build.0 = Release|x64
		{90C32374-37B9-417A-852F-463F76AB5C56}.Release|x86.ActiveCfg = Release|Win32
		{90C32374-37B9-417A-852F-463F76AB5C56}.Release|x86.Build.0 = Release|Win32
		{2FF7DA4E-D88D-4ADB-A3AB-08FF617043BE}.Debug|x64.ActiveCfg = Debug|x64
		{2FF7DA4E-D88D-4ADB-A3AB-08FF617043BE}.Debug|x64.Build.0 = Debug|x64
		{2FF7DA4E-D88D-4ADB-A3AB-08FF617043BE}.Debug|x86.ActiveCfg = Debug|Win32
		{2FF7DA4E-D88D-4ADB-A3AB-08FF617043BE}.Debug|x86.Build.0 = Debug|Win32
		{2FF7DA4E-D88D-4ADB-A3AB-08FF617043BE}.Release|x64.ActiveCfg = Release|x64
		{2FF7DA4E-D88D-4ADB-A3AB-08FF617043BE}.Release|x64.Build.0 = Release|x64
		{2FF7DA4E-D88D-4ADB-A3AB-08FF617043BE}.Release|x86.ActiveCfg = Release|Win32
		{2FF7DA4E-D88D-4ADB-A3AB-08FF617043BE}.Release|x86.Build.0 = Release|Win32
		{5766ADBD-E804-42AA-8E00-448403B50587}.Debug|x64.ActiveCfg = Debug|x64
		{5766ADBD-E804-42AA-8E00-448403B50587}.Debug|x64.Build.0 = Debug|x64
		{5766ADBD-E804-42AA-8E00-448403B50587}.Debug|x86.ActiveCfg = Debug|Win32
		{5766ADBD-E804-42AA-8E00-448403B50587}.Debug|x86.Build.0 = Debug|Win32
		{5766ADBD-E804-42AA-8E00-448403B50587}.Release|x64.ActiveCfg = Release|x64
		{5766ADBD-E804-42AA-8E00-448403B50587}.Release|x64.Build.0 = Release|x64
		{5766ADBD-E804-42AA-8E00-448403B50587}.Release|x86.ActiveCfg = Release|Win32
		{5766ADBD-E804-42AA-8E00-448403B50587}.Release|x86.Build.0 = Release|Win32
		{0807003A-CD12-4183-931E-95A38931C039}.Debug|x64.ActiveCfg = Debug|x64
		{0807003A-CD12-4183-931E-95A38931C039}.Debug|x64.Build.0 = Debug|x64
		{0807003A-CD12-4183-931E-95A38931C039}.Debug|x86.ActiveCfg = Debug|Win32
		{0807003A-CD12-4183-931E-95A38931C039}.Debug|x86.Build.0 = Debug|Win32
		{0807003A-CD12-4183-931E-95A38931C039}.Release|x64.ActiveCfg = Release|x64
		{0807003A-CD12-4183-931E-95A38931C039}.Release|x64.Build.0 = Release|x64
		{0807003A-CD12-4183-931E-95A38931C039}.Release|x86.ActiveCfg = Release|Win32
		{0807003A-CD12-4183-931E-95A38931C039}.Release|x86.Build.0 = Release|Win32
	EndGlobalSection
	GlobalSection(SolutionProperties) = preSolution
		HideSolutionNode = FALSE
	EndGlobalSection
	GlobalSection(ExtensibilityGlobals) = postSolution
		SolutionGuid = {8182AB78-28C2-4B3D-8A43-E77F6867D23A}
	EndGlobalSection
EndGlobal
