
Microsoft Visual Studio Solution File, Format Version 12.00
# Visual Studio 15
VisualStudioVersion = 15.0.28010.2036
MinimumVisualStudioVersion = 10.0.40219.1
Project("{8BC9CEB8-8B4A-11D0-8D11-00A0C91BC942}") = "Ex01", "18127070_Ex01.cpp\18127070_Ex01.cpp.vcxproj", "{4C5AEE8C-848D-40D5-86F7-3321DBC07FF9}"
EndProject
Project("{8BC9CEB8-8B4A-11D0-8D11-00A0C91BC942}") = "Ex02", "Ex02\Ex02.vcxproj", "{CDBF9987-2E48-40E9-87B8-1AF4DB722A5F}"
EndProject
Project("{8BC9CEB8-8B4A-11D0-8D11-00A0C91BC942}") = "Ex05", "Ex05\Ex05.vcxproj", "{22B08BFC-30B4-4E0E-B37C-EFCEA49A6F3B}"
EndProject
Project("{8BC9CEB8-8B4A-11D0-8D11-00A0C91BC942}") = "Ex03", "Ex03\Ex03.vcxproj", "{A22095FC-8C15-4887-B635-104F4DCFE653}"
EndProject
Project("{8BC9CEB8-8B4A-11D0-8D11-00A0C91BC942}") = "Ex06", "Ex06\Ex06.vcxproj", "{C1119607-02FE-4627-BDC1-DC89C8AE0CF2}"
EndProject
Project("{8BC9CEB8-8B4A-11D0-8D11-00A0C91BC942}") = "Ex04", "Ex04\Ex04.vcxproj", "{4727BB5F-C1D3-4005-92AA-FC97845811DE}"
EndProject
Project("{8BC9CEB8-8B4A-11D0-8D11-00A0C91BC942}") = "Ex07", "Ex07\Ex07.vcxproj", "{81549B18-E942-4052-B8BD-E71B95D1FAC3}"
EndProject
Global
	GlobalSection(SolutionConfigurationPlatforms) = preSolution
		Debug|x64 = Debug|x64
		Debug|x86 = Debug|x86
		Release|x64 = Release|x64
		Release|x86 = Release|x86
	EndGlobalSection
	GlobalSection(ProjectConfigurationPlatforms) = postSolution
		{4C5AEE8C-848D-40D5-86F7-3321DBC07FF9}.Debug|x64.ActiveCfg = Debug|x64
		{4C5AEE8C-848D-40D5-86F7-3321DBC07FF9}.Debug|x64.Build.0 = Debug|x64
		{4C5AEE8C-848D-40D5-86F7-3321DBC07FF9}.Debug|x86.ActiveCfg = Debug|Win32
		{4C5AEE8C-848D-40D5-86F7-3321DBC07FF9}.Debug|x86.Build.0 = Debug|Win32
		{4C5AEE8C-848D-40D5-86F7-3321DBC07FF9}.Release|x64.ActiveCfg = Release|x64
		{4C5AEE8C-848D-40D5-86F7-3321DBC07FF9}.Release|x64.Build.0 = Release|x64
		{4C5AEE8C-848D-40D5-86F7-3321DBC07FF9}.Release|x86.ActiveCfg = Release|Win32
		{4C5AEE8C-848D-40D5-86F7-3321DBC07FF9}.Release|x86.Build.0 = Release|Win32
		{CDBF9987-2E48-40E9-87B8-1AF4DB722A5F}.Debug|x64.ActiveCfg = Debug|x64
		{CDBF9987-2E48-40E9-87B8-1AF4DB722A5F}.Debug|x64.Build.0 = Debug|x64
		{CDBF9987-2E48-40E9-87B8-1AF4DB722A5F}.Debug|x86.ActiveCfg = Debug|Win32
		{CDBF9987-2E48-40E9-87B8-1AF4DB722A5F}.Debug|x86.Build.0 = Debug|Win32
		{CDBF9987-2E48-40E9-87B8-1AF4DB722A5F}.Release|x64.ActiveCfg = Release|x64
		{CDBF9987-2E48-40E9-87B8-1AF4DB722A5F}.Release|x64.Build.0 = Release|x64
		{CDBF9987-2E48-40E9-87B8-1AF4DB722A5F}.Release|x86.ActiveCfg = Release|Win32
		{CDBF9987-2E48-40E9-87B8-1AF4DB722A5F}.Release|x86.Build.0 = Release|Win32
		{22B08BFC-30B4-4E0E-B37C-EFCEA49A6F3B}.Debug|x64.ActiveCfg = Debug|x64
		{22B08BFC-30B4-4E0E-B37C-EFCEA49A6F3B}.Debug|x64.Build.0 = Debug|x64
		{22B08BFC-30B4-4E0E-B37C-EFCEA49A6F3B}.Debug|x86.ActiveCfg = Debug|Win32
		{22B08BFC-30B4-4E0E-B37C-EFCEA49A6F3B}.Debug|x86.Build.0 = Debug|Win32
		{22B08BFC-30B4-4E0E-B37C-EFCEA49A6F3B}.Release|x64.ActiveCfg = Release|x64
		{22B08BFC-30B4-4E0E-B37C-EFCEA49A6F3B}.Release|x64.Build.0 = Release|x64
		{22B08BFC-30B4-4E0E-B37C-EFCEA49A6F3B}.Release|x86.ActiveCfg = Release|Win32
		{22B08BFC-30B4-4E0E-B37C-EFCEA49A6F3B}.Release|x86.Build.0 = Release|Win32
		{A22095FC-8C15-4887-B635-104F4DCFE653}.Debug|x64.ActiveCfg = Debug|x64
		{A22095FC-8C15-4887-B635-104F4DCFE653}.Debug|x64.Build.0 = Debug|x64
		{A22095FC-8C15-4887-B635-104F4DCFE653}.Debug|x86.ActiveCfg = Debug|Win32
		{A22095FC-8C15-4887-B635-104F4DCFE653}.Debug|x86.Build.0 = Debug|Win32
		{A22095FC-8C15-4887-B635-104F4DCFE653}.Release|x64.ActiveCfg = Release|x64
		{A22095FC-8C15-4887-B635-104F4DCFE653}.Release|x64.Build.0 = Release|x64
		{A22095FC-8C15-4887-B635-104F4DCFE653}.Release|x86.ActiveCfg = Release|Win32
		{A22095FC-8C15-4887-B635-104F4DCFE653}.Release|x86.Build.0 = Release|Win32
		{C1119607-02FE-4627-BDC1-DC89C8AE0CF2}.Debug|x64.ActiveCfg = Debug|x64
		{C1119607-02FE-4627-BDC1-DC89C8AE0CF2}.Debug|x64.Build.0 = Debug|x64
		{C1119607-02FE-4627-BDC1-DC89C8AE0CF2}.Debug|x86.ActiveCfg = Debug|Win32
		{C1119607-02FE-4627-BDC1-DC89C8AE0CF2}.Debug|x86.Build.0 = Debug|Win32
		{C1119607-02FE-4627-BDC1-DC89C8AE0CF2}.Release|x64.ActiveCfg = Release|x64
		{C1119607-02FE-4627-BDC1-DC89C8AE0CF2}.Release|x64.Build.0 = Release|x64
		{C1119607-02FE-4627-BDC1-DC89C8AE0CF2}.Release|x86.ActiveCfg = Release|Win32
		{C1119607-02FE-4627-BDC1-DC89C8AE0CF2}.Release|x86.Build.0 = Release|Win32
		{4727BB5F-C1D3-4005-92AA-FC97845811DE}.Debug|x64.ActiveCfg = Debug|x64
		{4727BB5F-C1D3-4005-92AA-FC97845811DE}.Debug|x64.Build.0 = Debug|x64
		{4727BB5F-C1D3-4005-92AA-FC97845811DE}.Debug|x86.ActiveCfg = Debug|Win32
		{4727BB5F-C1D3-4005-92AA-FC97845811DE}.Debug|x86.Build.0 = Debug|Win32
		{4727BB5F-C1D3-4005-92AA-FC97845811DE}.Release|x64.ActiveCfg = Release|x64
		{4727BB5F-C1D3-4005-92AA-FC97845811DE}.Release|x64.Build.0 = Release|x64
		{4727BB5F-C1D3-4005-92AA-FC97845811DE}.Release|x86.ActiveCfg = Release|Win32
		{4727BB5F-C1D3-4005-92AA-FC97845811DE}.Release|x86.Build.0 = Release|Win32
		{81549B18-E942-4052-B8BD-E71B95D1FAC3}.Debug|x64.ActiveCfg = Debug|x64
		{81549B18-E942-4052-B8BD-E71B95D1FAC3}.Debug|x64.Build.0 = Debug|x64
		{81549B18-E942-4052-B8BD-E71B95D1FAC3}.Debug|x86.ActiveCfg = Debug|Win32
		{81549B18-E942-4052-B8BD-E71B95D1FAC3}.Debug|x86.Build.0 = Debug|Win32
		{81549B18-E942-4052-B8BD-E71B95D1FAC3}.Release|x64.ActiveCfg = Release|x64
		{81549B18-E942-4052-B8BD-E71B95D1FAC3}.Release|x64.Build.0 = Release|x64
		{81549B18-E942-4052-B8BD-E71B95D1FAC3}.Release|x86.ActiveCfg = Release|Win32
		{81549B18-E942-4052-B8BD-E71B95D1FAC3}.Release|x86.Build.0 = Release|Win32
	EndGlobalSection
	GlobalSection(SolutionProperties) = preSolution
		HideSolutionNode = FALSE
	EndGlobalSection
	GlobalSection(ExtensibilityGlobals) = postSolution
		SolutionGuid = {A9620F7F-873A-4DB2-8273-DDD92B2D1E0E}
	EndGlobalSection
EndGlobal
